
Microsoft Visual Studio Solution File, Format Version 12.00
# Visual Studio Version 17
VisualStudioVersion = 17.10.35013.160
MinimumVisualStudioVersion = 10.0.40219.1
Project("{FAE04EC0-301F-11D3-BF4B-00C04F79EFBC}") = "ASP .NET nauka", "ASP .NET nauka.csproj", "{C076650F-4623-464E-B954-C96CD140D73D}"
EndProject
Global
	GlobalSection(SolutionConfigurationPlatforms) = preSolution
		Debug|Any CPU = Debug|Any CPU
		Release|Any CPU = Release|Any CPU
	EndGlobalSection
	GlobalSection(ProjectConfigurationPlatforms) = postSolution
		{C076650F-4623-464E-B954-C96CD140D73D}.Debug|Any CPU.ActiveCfg = Debug|Any CPU
		{C076650F-4623-464E-B954-C96CD140D73D}.Debug|Any CPU.Build.0 = Debug|Any CPU
		{C076650F-4623-464E-B954-C96CD140D73D}.Release|Any CPU.ActiveCfg = Release|Any CPU
		{C076650F-4623-464E-B954-C96CD140D73D}.Release|Any CPU.Build.0 = Release|Any CPU
	EndGlobalSection
	GlobalSection(SolutionProperties) = preSolution
		HideSolutionNode = FALSE
	EndGlobalSection
	GlobalSection(ExtensibilityGlobals) = postSolution
		SolutionGuid = {B5853B37-6290-44CE-A286-61A18815EFFA}
	EndGlobalSection
EndGlobal
